
Microsoft Visual Studio Solution File, Format Version 12.00
Project("{FAE04EC0-301F-11D3-BF4B-00C04F79EFBC}") = "advent-of-code-2024", "advent-of-code-2024\advent-of-code-2024.csproj", "{39DC3521-6A25-4E61-9E28-9CE9BAE9D354}"
EndProject
Global
	GlobalSection(SolutionConfigurationPlatforms) = preSolution
		Debug|Any CPU = Debug|Any CPU
		Release|Any CPU = Release|Any CPU
	EndGlobalSection
	GlobalSection(ProjectConfigurationPlatforms) = postSolution
		{39DC3521-6A25-4E61-9E28-9CE9BAE9D354}.Debug|Any CPU.ActiveCfg = Debug|Any CPU
		{39DC3521-6A25-4E61-9E28-9CE9BAE9D354}.Debug|Any CPU.Build.0 = Debug|Any CPU
		{39DC3521-6A25-4E61-9E28-9CE9BAE9D354}.Release|Any CPU.ActiveCfg = Release|Any CPU
		{39DC3521-6A25-4E61-9E28-9CE9BAE9D354}.Release|Any CPU.Build.0 = Release|Any CPU
	EndGlobalSection
EndGlobal
